# Where this fork came from, and what it is based on.
#
# Machine-readable so CI can assert it and a human can read it. Update the
# fork_point only when this branch is genuinely rebased or merged onto a newer
# upstream commit -- it is the answer to "what does our delta apply to".

upstream_url    = https://github.com/Shyalya/tortoise-wow.git
upstream_branch = playerbots-integration-gh

# The commit this fork's delta is applied on top of.
fork_point      = 61a8269151721f6467eddb05e7bed37704d0fc0b

# ADR-0020 originally recorded db5fb2a as "the upstream tip". That is not an
# upstream hash: it is a commit in twow-repo, whose history was rewritten with
# git-filter-repo to strip binaries, so its hashes correspond to nothing
# upstream. The mapping to 61a8269 was confirmed by content -- every file under
# src/game is identical between the two, the only difference being the 146
# warden .cr/.key binaries filter-repo removed and this repository still has.
former_recorded_base = db5fb2a197f05611ad9d243568122c6be466ab8a  # twow-repo hash, not upstream

# Upstream tip when this fork was created, and how far ahead it already was.
# Recorded so the size of the first merge is a known quantity rather than a
# surprise. Most of it is the Eluna Lua engine vendoring.
upstream_tip_at_fork      = be3e6cdd47680c1308251e115164eb3d9eecc6f7
upstream_commits_ahead    = 379
