# Where this fork came from, and what it is based on.
#
# Machine-readable so CI can assert it and a human can read it. Update the
# fork_point only when this branch is genuinely rebased or merged onto a newer
# upstream commit -- it is the answer to "what does our delta apply to".

upstream_url    = https://github.com/Shyalya/tortoise-wow.git
upstream_branch = playerbots-integration-gh

# The commit this fork's delta is applied on top of.
fork_point      = 61a8269151721f6467eddb05e7bed37704d0fc0b

# ADR-0020 originally recorded db5fb2a as "the upstream tip". That is not an
# upstream hash: it is a commit in twow-repo, whose history was rewritten with
# git-filter-repo to strip binaries, so its hashes correspond to nothing
# upstream. The mapping to 61a8269 was confirmed by content -- every file under
# src/game is identical between the two, the only difference being the 146
# warden .cr/.key binaries filter-repo removed and this repository still has.
former_recorded_base = db5fb2a197f05611ad9d243568122c6be466ab8a  # twow-repo hash, not upstream

# Upstream tip when this fork was created. Historical only: it is the answer to
# "how big was the gap on day one", not to "what are we tracking now". Every
# "we are N behind" figure computed against this line is wrong by construction,
# and at least one has been.
upstream_tip_at_fork      = be3e6cdd47680c1308251e115164eb3d9eecc6f7

# ---------------------------------------------------------------------------
# What we track, and what CI asserts about it.
#
# The branch above is not decoration. Shyalya's `main`, `dev`, `1181dev`,
# `challenges`, `shop` and `1181-rogue-fixes` are all ANCESTORS OF OUR FORK
# POINT -- dead branches, every one of them behind the code we already have.
# Merging any of them is a no-op at best. That has been attempted once, from a
# prose instruction in ADR-0026 that named the right branch and was read as if
# it named any branch. Prose did not stop it, so this file is checked by CI
# instead: see the `upstream-freshness` job in .github/workflows/ci.yml. It runs
# on every pull request and weekly. Not on a push to upstream-tracking -- GitHub
# reads the workflow from the ref being pushed, and that ref is a verbatim mirror
# of upstream with no workflow in it.
#
# upstream_tracking_branch is the local mirror branch. upstream_tracking_commit
# is what it must point at. CI asserts, in this order:
#
#   1. origin/<upstream_tracking_branch> == upstream_tracking_commit
#        -- the branch was moved without updating this file, or vice versa.
#   2. origin/<upstream_tracking_branch> is an ancestor of
#      upstream/<upstream_branch>
#        -- the ref is not on the branch we claim to track at all.
#   3. fork_point is an ancestor of origin/<upstream_tracking_branch>
#        -- this is the dead-branch trap. Assertion 2 alone does NOT catch it:
#           every dead branch listed above IS an ancestor of the live branch,
#           so an ancestor test passes happily on all six of them. What
#           separates them is that they are all OLDER than our fork point,
#           and a commit we are genuinely tracking never is.
#   4. origin/<upstream_tracking_branch> is at most `max_drift_commits` behind
#      the live branch tip -- staleness, as opposed to wrongness.
#
# 2, 3 and 4 measure the BRANCH, not the string recorded here. Measuring the
# recorded value makes them unreachable in the case that matters: move the
# branch to a dead one and leave this file alone, and check 1 fires while 2-4
# sit there approving a commit nothing points at. Seen happen, then fixed.
#
# Updating this pair is the whole ceremony for "we have looked at upstream":
# move the branch, put the same hash here, let CI agree.
upstream_tracking_branch  = upstream-tracking
upstream_tracking_commit  = 3a978d7724bcef7b0b84d19d3929020a1625a01c

# How far behind upstream/playerbots-integration-gh the tracked commit may fall
# before CI fails. Not zero: upstream pushes most days, and a check that goes
# red on every unrelated pull request the moment somebody else commits is a
# check that gets switched off. Not unbounded either -- be3e6cd sat here for
# the life of the fork and was 385 commits stale by the time anyone measured.
max_drift_commits         = 50
